<Solution>
  <Folder Name="/solution items/">
    <File Path=".editorconfig" />
    <File Path="Directory.Build.props" />
    <File Path="Directory.Build.targets" />
    <File Path="Directory.Packages.props" />
    <File Path="LICENSE" />
    <File Path="README.md" />
    <File Path="global.json" />
    <File Path="nuget.config" />
  </Folder>
  <Folder Name="/src/">
    <Project Path="src/DotnetOpenEhr.Foundation/DotnetOpenEhr.Foundation.csproj" />
    <Project Path="src/DotnetOpenEhr.Rm/DotnetOpenEhr.Rm.csproj" />
    <Project Path="src/DotnetOpenEhr.Serialization.Json/DotnetOpenEhr.Serialization.Json.csproj" />
  </Folder>
  <Folder Name="/tests/">
    <Project Path="tests/DotnetOpenEhr.AotSmoke/DotnetOpenEhr.AotSmoke.csproj" />
    <Project Path="tests/DotnetOpenEhr.Foundation.Tests/DotnetOpenEhr.Foundation.Tests.csproj" />
    <Project Path="tests/DotnetOpenEhr.IntegrationTests/DotnetOpenEhr.IntegrationTests.csproj" />
    <Project Path="tests/DotnetOpenEhr.Rm.Tests/DotnetOpenEhr.Rm.Tests.csproj" />
    <Project Path="tests/DotnetOpenEhr.Serialization.Json.Tests/DotnetOpenEhr.Serialization.Json.Tests.csproj" />
  </Folder>
</Solution>

