<Solution>
  <Folder Name="/solution items/">
    <File Path=".editorconfig" />
    <File Path="Directory.Build.props" />
    <File Path="Directory.Build.targets" />
    <File Path="Directory.Packages.props" />
    <File Path="LICENSE" />
    <File Path="README.md" />
    <File Path="global.json" />
    <File Path="nuget.config" />
  </Folder>
  <Folder Name="/src/">
    <Project Path="src/DotnetOpenEhr/DotnetOpenEhr.csproj" />
    <Project Path="src/DotnetOpenEhr.Bmm/DotnetOpenEhr.Bmm.csproj" />
    <Project Path="src/DotnetOpenEhr.Bmm.Rm/DotnetOpenEhr.Bmm.Rm.csproj" />
    <Project Path="src/DotnetOpenEhr.Archetypes/DotnetOpenEhr.Archetypes.csproj" />
    <Project Path="src/DotnetOpenEhr.Aql/DotnetOpenEhr.Aql.csproj" />
    <Project Path="src/DotnetOpenEhr.Foundation/DotnetOpenEhr.Foundation.csproj" />
    <Project Path="src/DotnetOpenEhr.Odin/DotnetOpenEhr.Odin.csproj" />
    <Project Path="src/DotnetOpenEhr.Rm/DotnetOpenEhr.Rm.csproj" />
    <Project Path="src/DotnetOpenEhr.Serialization.Json/DotnetOpenEhr.Serialization.Json.csproj" />
    <Project Path="src/DotnetOpenEhr.Serialization.Json.Flat/DotnetOpenEhr.Serialization.Json.Flat.csproj" />
    <Project Path="src/DotnetOpenEhr.Templates.Abstractions/DotnetOpenEhr.Templates.Abstractions.csproj" />
    <Project Path="src/DotnetOpenEhr.Templates/DotnetOpenEhr.Templates.csproj" />
    <Project Path="src/DotnetOpenEhr.Terminology/DotnetOpenEhr.Terminology.csproj" />
  </Folder>
  <Folder Name="/tests/">
    <Project Path="tests/DotnetOpenEhr.AotSmoke/DotnetOpenEhr.AotSmoke.csproj" />
    <Project Path="tests/DotnetOpenEhr.Bmm.Tests/DotnetOpenEhr.Bmm.Tests.csproj" />
    <Project Path="tests/DotnetOpenEhr.Bmm.Rm.Tests/DotnetOpenEhr.Bmm.Rm.Tests.csproj" />
    <Project Path="tests/DotnetOpenEhr.Archetypes.Tests/DotnetOpenEhr.Archetypes.Tests.csproj" />
    <Project Path="tests/DotnetOpenEhr.Aql.Tests/DotnetOpenEhr.Aql.Tests.csproj" />
    <Project Path="tests/DotnetOpenEhr.Foundation.Tests/DotnetOpenEhr.Foundation.Tests.csproj" />
    <Project Path="tests/DotnetOpenEhr.IntegrationTests/DotnetOpenEhr.IntegrationTests.csproj" />
    <Project Path="tests/DotnetOpenEhr.Odin.Tests/DotnetOpenEhr.Odin.Tests.csproj" />
    <Project Path="tests/DotnetOpenEhr.Rm.Tests/DotnetOpenEhr.Rm.Tests.csproj" />
    <Project Path="tests/DotnetOpenEhr.Serialization.Json.Flat.Tests/DotnetOpenEhr.Serialization.Json.Flat.Tests.csproj" />
    <Project Path="tests/DotnetOpenEhr.Serialization.Json.Tests/DotnetOpenEhr.Serialization.Json.Tests.csproj" />
    <Project Path="tests/DotnetOpenEhr.Templates.Abstractions.Tests/DotnetOpenEhr.Templates.Abstractions.Tests.csproj" />
    <Project Path="tests/DotnetOpenEhr.Templates.Tests/DotnetOpenEhr.Templates.Tests.csproj" />
    <Project Path="tests/DotnetOpenEhr.Terminology.Tests/DotnetOpenEhr.Terminology.Tests.csproj" />
  </Folder>
</Solution>

